PODS:
  - Alamofire (5.4.3)
  - ClientFramework (1.0.0):
    - Moya
  - DINetworking (1.0.0):
    - Moya
  - Moya (14.0.0):
    - Moya/Core (= 14.0.0)
  - Moya/Core (14.0.0):
    - Alamofire (~> 5.0)
  - ProductFramework (1.0.0):
    - Moya

DEPENDENCIES:
  - ClientFramework (from `./ServiceModules`)
  - DINetworking (from `./Networking`)
  - ProductFramework (from `./ProductModules`)

SPEC REPOS:
  trunk:
    - Alamofire
    - Moya

EXTERNAL SOURCES:
  ClientFramework:
    :path: "./ServiceModules"
  DINetworking:
    :path: "./Networking"
  ProductFramework:
    :path: "./ProductModules"

SPEC CHECKSUMS:
  Alamofire: e447a2774a40c996748296fa2c55112fdbbc42f9
  ClientFramework: 2d6408fad00cee0aa0578f7accbd489fb333a7e7
  DINetworking: 78d257b15372fd3258106567958fc897269e32a8
  Moya: 5b45dacb75adb009f97fde91c204c1e565d31916
  ProductFramework: c985e91312fafc6d9b4c175387006df0f291116a

PODFILE CHECKSUM: 6a214b54cda67b58a1c8cf5d8aa7166d3587c32c

COCOAPODS: 1.10.1
