// !$*UTF8*$!
{
	archiveVersion = 1;
	classes = {
	};
	objectVersion = 50;
	objects = {

/* Begin PBXBuildFile section */
		18AF64C02663D82F00CB2F3B /* AppDelegate.swift in Sources */ = {isa = PBXBuildFile; fileRef = 18AF64BF2663D82F00CB2F3B /* AppDelegate.swift */; };
		18AF64C22663D82F00CB2F3B /* SceneDelegate.swift in Sources */ = {isa = PBXBuildFile; fileRef = 18AF64C12663D82F00CB2F3B /* SceneDelegate.swift */; };
		18AF64C72663D82F00CB2F3B /* Main.storyboard in Resources */ = {isa = PBXBuildFile; fileRef = 18AF64C52663D82F00CB2F3B /* Main.storyboard */; };
		18AF64C92663D83000CB2F3B /* Assets.xcassets in Resources */ = {isa = PBXBuildFile; fileRef = 18AF64C82663D83000CB2F3B /* Assets.xcassets */; };
		18AF64CC2663D83000CB2F3B /* LaunchScreen.storyboard in Resources */ = {isa = PBXBuildFile; fileRef = 18AF64CA2663D83000CB2F3B /* LaunchScreen.storyboard */; };
		18AF64D72663D83000CB2F3B /* DISampleTests.swift in Sources */ = {isa = PBXBuildFile; fileRef = 18AF64D62663D83000CB2F3B /* DISampleTests.swift */; };
		18AF64E22663D83100CB2F3B /* DISampleUITests.swift in Sources */ = {isa = PBXBuildFile; fileRef = 18AF64E12663D83100CB2F3B /* DISampleUITests.swift */; };
		18AF64F12663DC4F00CB2F3B /* DIManagement.swift in Sources */ = {isa = PBXBuildFile; fileRef = 18AF64F02663DC4F00CB2F3B /* DIManagement.swift */; };
		18AF65132663F83A00CB2F3B /* Navigator.swift in Sources */ = {isa = PBXBuildFile; fileRef = 18AF65122663F83A00CB2F3B /* Navigator.swift */; };
		18FA84EA266699AD0047AA6E /* HomeVC.swift in Sources */ = {isa = PBXBuildFile; fileRef = 18FA84E9266699AD0047AA6E /* HomeVC.swift */; };
		18FA85552666A5AD0047AA6E /* LoginFramwork.framework in Frameworks */ = {isa = PBXBuildFile; fileRef = 18FA854C2666A5940047AA6E /* LoginFramwork.framework */; };
		18FA85562666A5AD0047AA6E /* LoginFramwork.framework in Embed Frameworks */ = {isa = PBXBuildFile; fileRef = 18FA854C2666A5940047AA6E /* LoginFramwork.framework */; settings = {ATTRIBUTES = (CodeSignOnCopy, RemoveHeadersOnCopy, ); }; };
		18FA85582666A5B30047AA6E /* ProductFramework.framework in Frameworks */ = {isa = PBXBuildFile; fileRef = 18FA85542666A5990047AA6E /* ProductFramework.framework */; };
		18FA85592666A5B30047AA6E /* ProductFramework.framework in Embed Frameworks */ = {isa = PBXBuildFile; fileRef = 18FA85542666A5990047AA6E /* ProductFramework.framework */; settings = {ATTRIBUTES = (CodeSignOnCopy, RemoveHeadersOnCopy, ); }; };
		3DB051229DC8DAB8ACD64263 /* Pods_DISampleTests.framework in Frameworks */ = {isa = PBXBuildFile; fileRef = F0A08B5535464FB53977F24C /* Pods_DISampleTests.framework */; };
		6F01340E9088895CCD032A58 /* Pods_DISample_DISampleUITests.framework in Frameworks */ = {isa = PBXBuildFile; fileRef = B800306D2A80E31EE5614479 /* Pods_DISample_DISampleUITests.framework */; };
		DAEC8E7C90354130E1308684 /* Pods_DISample.framework in Frameworks */ = {isa = PBXBuildFile; fileRef = 31EAC2D78D147B938C19AACF /* Pods_DISample.framework */; };
/* End PBXBuildFile section */

/* Begin PBXContainerItemProxy section */
		18AF64D32663D83000CB2F3B /* PBXContainerItemProxy */ = {
			isa = PBXContainerItemProxy;
			containerPortal = 18AF64B42663D82F00CB2F3B /* Project object */;
			proxyType = 1;
			remoteGlobalIDString = 18AF64BB2663D82F00CB2F3B;
			remoteInfo = DISample;
		};
		18AF64DE2663D83100CB2F3B /* PBXContainerItemProxy */ = {
			isa = PBXContainerItemProxy;
			containerPortal = 18AF64B42663D82F00CB2F3B /* Project object */;
			proxyType = 1;
			remoteGlobalIDString = 18AF64BB2663D82F00CB2F3B;
			remoteInfo = DISample;
		};
		18FA854B2666A5940047AA6E /* PBXContainerItemProxy */ = {
			isa = PBXContainerItemProxy;
			containerPortal = 18FA85462666A5940047AA6E /* LoginFramwork.xcodeproj */;
			proxyType = 2;
			remoteGlobalIDString = 18035E00266539A700821F03;
			remoteInfo = LoginFramwork;
		};
		18FA854D2666A5940047AA6E /* PBXContainerItemProxy */ = {
			isa = PBXContainerItemProxy;
			containerPortal = 18FA85462666A5940047AA6E /* LoginFramwork.xcodeproj */;
			proxyType = 2;
			remoteGlobalIDString = 18035E09266539A700821F03;
			remoteInfo = LoginFramworkTests;
		};
		18FA85532666A5990047AA6E /* PBXContainerItemProxy */ = {
			isa = PBXContainerItemProxy;
			containerPortal = 18FA854F2666A5990047AA6E /* ProductFramework.xcodeproj */;
			proxyType = 2;
			remoteGlobalIDString = 18FA84F726669AC90047AA6E;
			remoteInfo = ProductFramework;
		};
/* End PBXContainerItemProxy section */

/* Begin PBXCopyFilesBuildPhase section */
		18FA85572666A5AD0047AA6E /* Embed Frameworks */ = {
			isa = PBXCopyFilesBuildPhase;
			buildActionMask = 2147483647;
			dstPath = "";
			dstSubfolderSpec = 10;
			files = (
				18FA85562666A5AD0047AA6E /* LoginFramwork.framework in Embed Frameworks */,
				18FA85592666A5B30047AA6E /* ProductFramework.framework in Embed Frameworks */,
			);
			name = "Embed Frameworks";
			runOnlyForDeploymentPostprocessing = 0;
		};
/* End PBXCopyFilesBuildPhase section */

/* Begin PBXFileReference section */
		18035E2D2665427C00821F03 /* LoginModule.framework */ = {isa = PBXFileReference; explicitFileType = wrapper.framework; path = LoginModule.framework; sourceTree = BUILT_PRODUCTS_DIR; };
		18AF64BC2663D82F00CB2F3B /* DISample.app */ = {isa = PBXFileReference; explicitFileType = wrapper.application; includeInIndex = 0; path = DISample.app; sourceTree = BUILT_PRODUCTS_DIR; };
		18AF64BF2663D82F00CB2F3B /* AppDelegate.swift */ = {isa = PBXFileReference; lastKnownFileType = sourcecode.swift; path = AppDelegate.swift; sourceTree = "<group>"; };
		18AF64C12663D82F00CB2F3B /* SceneDelegate.swift */ = {isa = PBXFileReference; lastKnownFileType = sourcecode.swift; path = SceneDelegate.swift; sourceTree = "<group>"; };
		18AF64C62663D82F00CB2F3B /* Base */ = {isa = PBXFileReference; lastKnownFileType = file.storyboard; name = Base; path = Base.lproj/Main.storyboard; sourceTree = "<group>"; };
		18AF64C82663D83000CB2F3B /* Assets.xcassets */ = {isa = PBXFileReference; lastKnownFileType = folder.assetcatalog; path = Assets.xcassets; sourceTree = "<group>"; };
		18AF64CB2663D83000CB2F3B /* Base */ = {isa = PBXFileReference; lastKnownFileType = file.storyboard; name = Base; path = Base.lproj/LaunchScreen.storyboard; sourceTree = "<group>"; };
		18AF64CD2663D83000CB2F3B /* Info.plist */ = {isa = PBXFileReference; lastKnownFileType = text.plist.xml; path = Info.plist; sourceTree = "<group>"; };
		18AF64D22663D83000CB2F3B /* DISampleTests.xctest */ = {isa = PBXFileReference; explicitFileType = wrapper.cfbundle; includeInIndex = 0; path = DISampleTests.xctest; sourceTree = BUILT_PRODUCTS_DIR; };
		18AF64D62663D83000CB2F3B /* DISampleTests.swift */ = {isa = PBXFileReference; lastKnownFileType = sourcecode.swift; path = DISampleTests.swift; sourceTree = "<group>"; };
		18AF64D82663D83100CB2F3B /* Info.plist */ = {isa = PBXFileReference; lastKnownFileType = text.plist.xml; path = Info.plist; sourceTree = "<group>"; };
		18AF64DD2663D83100CB2F3B /* DISampleUITests.xctest */ = {isa = PBXFileReference; explicitFileType = wrapper.cfbundle; includeInIndex = 0; path = DISampleUITests.xctest; sourceTree = BUILT_PRODUCTS_DIR; };
		18AF64E12663D83100CB2F3B /* DISampleUITests.swift */ = {isa = PBXFileReference; lastKnownFileType = sourcecode.swift; path = DISampleUITests.swift; sourceTree = "<group>"; };
		18AF64E32663D83100CB2F3B /* Info.plist */ = {isa = PBXFileReference; lastKnownFileType = text.plist.xml; path = Info.plist; sourceTree = "<group>"; };
		18AF64F02663DC4F00CB2F3B /* DIManagement.swift */ = {isa = PBXFileReference; lastKnownFileType = sourcecode.swift; path = DIManagement.swift; sourceTree = "<group>"; };
		18AF65122663F83A00CB2F3B /* Navigator.swift */ = {isa = PBXFileReference; lastKnownFileType = sourcecode.swift; path = Navigator.swift; sourceTree = "<group>"; };
		18FA84E9266699AD0047AA6E /* HomeVC.swift */ = {isa = PBXFileReference; lastKnownFileType = sourcecode.swift; path = HomeVC.swift; sourceTree = "<group>"; };
		18FA85462666A5940047AA6E /* LoginFramwork.xcodeproj */ = {isa = PBXFileReference; lastKnownFileType = "wrapper.pb-project"; name = LoginFramwork.xcodeproj; path = FirsModulars/LoginModule/LoginFramwork.xcodeproj; sourceTree = SOURCE_ROOT; };
		18FA854F2666A5990047AA6E /* ProductFramework.xcodeproj */ = {isa = PBXFileReference; lastKnownFileType = "wrapper.pb-project"; name = ProductFramework.xcodeproj; path = SecondModular/ProductModule/ProductFramework.xcodeproj; sourceTree = SOURCE_ROOT; };
		1C3FC9BCACC23A259979480C /* Pods-DISample-DISampleUITests.release.xcconfig */ = {isa = PBXFileReference; includeInIndex = 1; lastKnownFileType = text.xcconfig; name = "Pods-DISample-DISampleUITests.release.xcconfig"; path = "Target Support Files/Pods-DISample-DISampleUITests/Pods-DISample-DISampleUITests.release.xcconfig"; sourceTree = "<group>"; };
		2C0777DF73C2D35DC2F76455 /* Pods-DISampleTests.release.xcconfig */ = {isa = PBXFileReference; includeInIndex = 1; lastKnownFileType = text.xcconfig; name = "Pods-DISampleTests.release.xcconfig"; path = "Target Support Files/Pods-DISampleTests/Pods-DISampleTests.release.xcconfig"; sourceTree = "<group>"; };
		31EAC2D78D147B938C19AACF /* Pods_DISample.framework */ = {isa = PBXFileReference; explicitFileType = wrapper.framework; includeInIndex = 0; path = Pods_DISample.framework; sourceTree = BUILT_PRODUCTS_DIR; };
		6F720E559A64648C4B707F24 /* Pods-DISampleTests.debug.xcconfig */ = {isa = PBXFileReference; includeInIndex = 1; lastKnownFileType = text.xcconfig; name = "Pods-DISampleTests.debug.xcconfig"; path = "Target Support Files/Pods-DISampleTests/Pods-DISampleTests.debug.xcconfig"; sourceTree = "<group>"; };
		712475A85C4C2875EBA14FA7 /* Pods-DISample-DISampleUITests.debug.xcconfig */ = {isa = PBXFileReference; includeInIndex = 1; lastKnownFileType = text.xcconfig; name = "Pods-DISample-DISampleUITests.debug.xcconfig"; path = "Target Support Files/Pods-DISample-DISampleUITests/Pods-DISample-DISampleUITests.debug.xcconfig"; sourceTree = "<group>"; };
		B04685F666B2B82301CF51E8 /* Pods-DISample.debug.xcconfig */ = {isa = PBXFileReference; includeInIndex = 1; lastKnownFileType = text.xcconfig; name = "Pods-DISample.debug.xcconfig"; path = "Target Support Files/Pods-DISample/Pods-DISample.debug.xcconfig"; sourceTree = "<group>"; };
		B800306D2A80E31EE5614479 /* Pods_DISample_DISampleUITests.framework */ = {isa = PBXFileReference; explicitFileType = wrapper.framework; includeInIndex = 0; path = Pods_DISample_DISampleUITests.framework; sourceTree = BUILT_PRODUCTS_DIR; };
		E691E32E63E3EFDD10883B19 /* Pods-DISample.release.xcconfig */ = {isa = PBXFileReference; includeInIndex = 1; lastKnownFileType = text.xcconfig; name = "Pods-DISample.release.xcconfig"; path = "Target Support Files/Pods-DISample/Pods-DISample.release.xcconfig"; sourceTree = "<group>"; };
		F0A08B5535464FB53977F24C /* Pods_DISampleTests.framework */ = {isa = PBXFileReference; explicitFileType = wrapper.framework; includeInIndex = 0; path = Pods_DISampleTests.framework; sourceTree = BUILT_PRODUCTS_DIR; };
/* End PBXFileReference section */

/* Begin PBXFrameworksBuildPhase section */
		18AF64B92663D82F00CB2F3B /* Frameworks */ = {
			isa = PBXFrameworksBuildPhase;
			buildActionMask = 2147483647;
			files = (
				18FA85582666A5B30047AA6E /* ProductFramework.framework in Frameworks */,
				DAEC8E7C90354130E1308684 /* Pods_DISample.framework in Frameworks */,
				18FA85552666A5AD0047AA6E /* LoginFramwork.framework in Frameworks */,
			);
			runOnlyForDeploymentPostprocessing = 0;
		};
		18AF64CF2663D83000CB2F3B /* Frameworks */ = {
			isa = PBXFrameworksBuildPhase;
			buildActionMask = 2147483647;
			files = (
				3DB051229DC8DAB8ACD64263 /* Pods_DISampleTests.framework in Frameworks */,
			);
			runOnlyForDeploymentPostprocessing = 0;
		};
		18AF64DA2663D83100CB2F3B /* Frameworks */ = {
			isa = PBXFrameworksBuildPhase;
			buildActionMask = 2147483647;
			files = (
				6F01340E9088895CCD032A58 /* Pods_DISample_DISampleUITests.framework in Frameworks */,
			);
			runOnlyForDeploymentPostprocessing = 0;
		};
/* End PBXFrameworksBuildPhase section */

/* Begin PBXGroup section */
		18AF64B32663D82F00CB2F3B = {
			isa = PBXGroup;
			children = (
				18AF64BE2663D82F00CB2F3B /* DISample */,
				18AF64D52663D83000CB2F3B /* DISampleTests */,
				18AF64E02663D83100CB2F3B /* DISampleUITests */,
				18AF64BD2663D82F00CB2F3B /* Products */,
				18D6A734266497E000D84F5E /* Frameworks */,
				ADFFB4F5097D20B3797167B1 /* Pods */,
			);
			sourceTree = "<group>";
		};
		18AF64BD2663D82F00CB2F3B /* Products */ = {
			isa = PBXGroup;
			children = (
				18AF64BC2663D82F00CB2F3B /* DISample.app */,
				18AF64D22663D83000CB2F3B /* DISampleTests.xctest */,
				18AF64DD2663D83100CB2F3B /* DISampleUITests.xctest */,
			);
			name = Products;
			sourceTree = "<group>";
		};
		18AF64BE2663D82F00CB2F3B /* DISample */ = {
			isa = PBXGroup;
			children = (
				18FA854F2666A5990047AA6E /* ProductFramework.xcodeproj */,
				18FA85462666A5940047AA6E /* LoginFramwork.xcodeproj */,
				18AF65002663EB7E00CB2F3B /* Networking */,
				18AF64F22663E62500CB2F3B /* Application */,
				18AF64EF2663DC3400CB2F3B /* Dependencies */,
				18AF64F32663E63000CB2F3B /* Scenes */,
				18AF64C52663D82F00CB2F3B /* Main.storyboard */,
				18AF64C82663D83000CB2F3B /* Assets.xcassets */,
				18AF64CA2663D83000CB2F3B /* LaunchScreen.storyboard */,
				18AF64CD2663D83000CB2F3B /* Info.plist */,
			);
			path = DISample;
			sourceTree = "<group>";
		};
		18AF64D52663D83000CB2F3B /* DISampleTests */ = {
			isa = PBXGroup;
			children = (
				18AF64D62663D83000CB2F3B /* DISampleTests.swift */,
				18AF64D82663D83100CB2F3B /* Info.plist */,
			);
			path = DISampleTests;
			sourceTree = "<group>";
		};
		18AF64E02663D83100CB2F3B /* DISampleUITests */ = {
			isa = PBXGroup;
			children = (
				18AF64E12663D83100CB2F3B /* DISampleUITests.swift */,
				18AF64E32663D83100CB2F3B /* Info.plist */,
			);
			path = DISampleUITests;
			sourceTree = "<group>";
		};
		18AF64EF2663DC3400CB2F3B /* Dependencies */ = {
			isa = PBXGroup;
			children = (
				18AF64F02663DC4F00CB2F3B /* DIManagement.swift */,
				18AF65122663F83A00CB2F3B /* Navigator.swift */,
			);
			path = Dependencies;
			sourceTree = "<group>";
		};
		18AF64F22663E62500CB2F3B /* Application */ = {
			isa = PBXGroup;
			children = (
				18AF64BF2663D82F00CB2F3B /* AppDelegate.swift */,
				18AF64C12663D82F00CB2F3B /* SceneDelegate.swift */,
			);
			path = Application;
			sourceTree = "<group>";
		};
		18AF64F32663E63000CB2F3B /* Scenes */ = {
			isa = PBXGroup;
			children = (
				18FA84E9266699AD0047AA6E /* HomeVC.swift */,
			);
			path = Scenes;
			sourceTree = "<group>";
		};
		18AF65002663EB7E00CB2F3B /* Networking */ = {
			isa = PBXGroup;
			children = (
			);
			path = Networking;
			sourceTree = "<group>";
		};
		18D6A734266497E000D84F5E /* Frameworks */ = {
			isa = PBXGroup;
			children = (
				18035E2D2665427C00821F03 /* LoginModule.framework */,
				31EAC2D78D147B938C19AACF /* Pods_DISample.framework */,
				B800306D2A80E31EE5614479 /* Pods_DISample_DISampleUITests.framework */,
				F0A08B5535464FB53977F24C /* Pods_DISampleTests.framework */,
			);
			name = Frameworks;
			sourceTree = "<group>";
		};
		18FA85472666A5940047AA6E /* Products */ = {
			isa = PBXGroup;
			children = (
				18FA854C2666A5940047AA6E /* LoginFramwork.framework */,
				18FA854E2666A5940047AA6E /* LoginFramworkTests.xctest */,
			);
			name = Products;
			sourceTree = "<group>";
		};
		18FA85502666A5990047AA6E /* Products */ = {
			isa = PBXGroup;
			children = (
				18FA85542666A5990047AA6E /* ProductFramework.framework */,
			);
			name = Products;
			sourceTree = "<group>";
		};
		ADFFB4F5097D20B3797167B1 /* Pods */ = {
			isa = PBXGroup;
			children = (
				B04685F666B2B82301CF51E8 /* Pods-DISample.debug.xcconfig */,
				E691E32E63E3EFDD10883B19 /* Pods-DISample.release.xcconfig */,
				712475A85C4C2875EBA14FA7 /* Pods-DISample-DISampleUITests.debug.xcconfig */,
				1C3FC9BCACC23A259979480C /* Pods-DISample-DISampleUITests.release.xcconfig */,
				6F720E559A64648C4B707F24 /* Pods-DISampleTests.debug.xcconfig */,
				2C0777DF73C2D35DC2F76455 /* Pods-DISampleTests.release.xcconfig */,
			);
			path = Pods;
			sourceTree = "<group>";
		};
/* End PBXGroup section */

/* Begin PBXNativeTarget section */
		18AF64BB2663D82F00CB2F3B /* DISample */ = {
			isa = PBXNativeTarget;
			buildConfigurationList = 18AF64E62663D83100CB2F3B /* Build configuration list for PBXNativeTarget "DISample" */;
			buildPhases = (
				2199DC41B16C7C59EBAE7B36 /* [CP] Check Pods Manifest.lock */,
				18AF64B82663D82F00CB2F3B /* Sources */,
				18AF64B92663D82F00CB2F3B /* Frameworks */,
				18AF64BA2663D82F00CB2F3B /* Resources */,
				18FA85572666A5AD0047AA6E /* Embed Frameworks */,
			);
			buildRules = (
			);
			dependencies = (
			);
			name = DISample;
			productName = DISample;
			productReference = 18AF64BC2663D82F00CB2F3B /* DISample.app */;
			productType = "com.apple.product-type.application";
		};
		18AF64D12663D83000CB2F3B /* DISampleTests */ = {
			isa = PBXNativeTarget;
			buildConfigurationList = 18AF64E92663D83100CB2F3B /* Build configuration list for PBXNativeTarget "DISampleTests" */;
			buildPhases = (
				1EBDB4898D8F9D350CA99CBE /* [CP] Check Pods Manifest.lock */,
				18AF64CE2663D83000CB2F3B /* Sources */,
				18AF64CF2663D83000CB2F3B /* Frameworks */,
				18AF64D02663D83000CB2F3B /* Resources */,
			);
			buildRules = (
			);
			dependencies = (
				18AF64D42663D83000CB2F3B /* PBXTargetDependency */,
			);
			name = DISampleTests;
			productName = DISampleTests;
			productReference = 18AF64D22663D83000CB2F3B /* DISampleTests.xctest */;
			productType = "com.apple.product-type.bundle.unit-test";
		};
		18AF64DC2663D83100CB2F3B /* DISampleUITests */ = {
			isa = PBXNativeTarget;
			buildConfigurationList = 18AF64EC2663D83100CB2F3B /* Build configuration list for PBXNativeTarget "DISampleUITests" */;
			buildPhases = (
				6A1395CD48E36EE0006E0928 /* [CP] Check Pods Manifest.lock */,
				18AF64D92663D83100CB2F3B /* Sources */,
				18AF64DA2663D83100CB2F3B /* Frameworks */,
				18AF64DB2663D83100CB2F3B /* Resources */,
			);
			buildRules = (
			);
			dependencies = (
				18AF64DF2663D83100CB2F3B /* PBXTargetDependency */,
			);
			name = DISampleUITests;
			productName = DISampleUITests;
			productReference = 18AF64DD2663D83100CB2F3B /* DISampleUITests.xctest */;
			productType = "com.apple.product-type.bundle.ui-testing";
		};
/* End PBXNativeTarget section */

/* Begin PBXProject section */
		18AF64B42663D82F00CB2F3B /* Project object */ = {
			isa = PBXProject;
			attributes = {
				LastSwiftUpdateCheck = 1250;
				LastUpgradeCheck = 1250;
				TargetAttributes = {
					18AF64BB2663D82F00CB2F3B = {
						CreatedOnToolsVersion = 12.5;
					};
					18AF64D12663D83000CB2F3B = {
						CreatedOnToolsVersion = 12.5;
						TestTargetID = 18AF64BB2663D82F00CB2F3B;
					};
					18AF64DC2663D83100CB2F3B = {
						CreatedOnToolsVersion = 12.5;
						TestTargetID = 18AF64BB2663D82F00CB2F3B;
					};
				};
			};
			buildConfigurationList = 18AF64B72663D82F00CB2F3B /* Build configuration list for PBXProject "DISample" */;
			compatibilityVersion = "Xcode 9.3";
			developmentRegion = en;
			hasScannedForEncodings = 0;
			knownRegions = (
				en,
				Base,
			);
			mainGroup = 18AF64B32663D82F00CB2F3B;
			productRefGroup = 18AF64BD2663D82F00CB2F3B /* Products */;
			projectDirPath = "";
			projectReferences = (
				{
					ProductGroup = 18FA85472666A5940047AA6E /* Products */;
					ProjectRef = 18FA85462666A5940047AA6E /* LoginFramwork.xcodeproj */;
				},
				{
					ProductGroup = 18FA85502666A5990047AA6E /* Products */;
					ProjectRef = 18FA854F2666A5990047AA6E /* ProductFramework.xcodeproj */;
				},
			);
			projectRoot = "";
			targets = (
				18AF64BB2663D82F00CB2F3B /* DISample */,
				18AF64D12663D83000CB2F3B /* DISampleTests */,
				18AF64DC2663D83100CB2F3B /* DISampleUITests */,
			);
		};
/* End PBXProject section */

/* Begin PBXReferenceProxy section */
		18FA854C2666A5940047AA6E /* LoginFramwork.framework */ = {
			isa = PBXReferenceProxy;
			fileType = wrapper.framework;
			path = LoginFramwork.framework;
			remoteRef = 18FA854B2666A5940047AA6E /* PBXContainerItemProxy */;
			sourceTree = BUILT_PRODUCTS_DIR;
		};
		18FA854E2666A5940047AA6E /* LoginFramworkTests.xctest */ = {
			isa = PBXReferenceProxy;
			fileType = wrapper.cfbundle;
			path = LoginFramworkTests.xctest;
			remoteRef = 18FA854D2666A5940047AA6E /* PBXContainerItemProxy */;
			sourceTree = BUILT_PRODUCTS_DIR;
		};
		18FA85542666A5990047AA6E /* ProductFramework.framework */ = {
			isa = PBXReferenceProxy;
			fileType = wrapper.framework;
			path = ProductFramework.framework;
			remoteRef = 18FA85532666A5990047AA6E /* PBXContainerItemProxy */;
			sourceTree = BUILT_PRODUCTS_DIR;
		};
/* End PBXReferenceProxy section */

/* Begin PBXResourcesBuildPhase section */
		18AF64BA2663D82F00CB2F3B /* Resources */ = {
			isa = PBXResourcesBuildPhase;
			buildActionMask = 2147483647;
			files = (
				18AF64CC2663D83000CB2F3B /* LaunchScreen.storyboard in Resources */,
				18AF64C92663D83000CB2F3B /* Assets.xcassets in Resources */,
				18AF64C72663D82F00CB2F3B /* Main.storyboard in Resources */,
			);
			runOnlyForDeploymentPostprocessing = 0;
		};
		18AF64D02663D83000CB2F3B /* Resources */ = {
			isa = PBXResourcesBuildPhase;
			buildActionMask = 2147483647;
			files = (
			);
			runOnlyForDeploymentPostprocessing = 0;
		};
		18AF64DB2663D83100CB2F3B /* Resources */ = {
			isa = PBXResourcesBuildPhase;
			buildActionMask = 2147483647;
			files = (
			);
			runOnlyForDeploymentPostprocessing = 0;
		};
/* End PBXResourcesBuildPhase section */

/* Begin PBXShellScriptBuildPhase section */
		1EBDB4898D8F9D350CA99CBE /* [CP] Check Pods Manifest.lock */ = {
			isa = PBXShellScriptBuildPhase;
			buildActionMask = 2147483647;
			files = (
			);
			inputFileListPaths = (
			);
			inputPaths = (
				"${PODS_PODFILE_DIR_PATH}/Podfile.lock",
				"${PODS_ROOT}/Manifest.lock",
			);
			name = "[CP] Check Pods Manifest.lock";
			outputFileListPaths = (
			);
			outputPaths = (
				"$(DERIVED_FILE_DIR)/Pods-DISampleTests-checkManifestLockResult.txt",
			);
			runOnlyForDeploymentPostprocessing = 0;
			shellPath = /bin/sh;
			shellScript = "diff \"${PODS_PODFILE_DIR_PATH}/Podfile.lock\" \"${PODS_ROOT}/Manifest.lock\" > /dev/null\nif [ $? != 0 ] ; then\n    # print error to STDERR\n    echo \"error: The sandbox is not in sync with the Podfile.lock. Run 'pod install' or update your CocoaPods installation.\" >&2\n    exit 1\nfi\n# This output is used by Xcode 'outputs' to avoid re-running this script phase.\necho \"SUCCESS\" > \"${SCRIPT_OUTPUT_FILE_0}\"\n";
			showEnvVarsInLog = 0;
		};
		2199DC41B16C7C59EBAE7B36 /* [CP] Check Pods Manifest.lock */ = {
			isa = PBXShellScriptBuildPhase;
			buildActionMask = 2147483647;
			files = (
			);
			inputFileListPaths = (
			);
			inputPaths = (
				"${PODS_PODFILE_DIR_PATH}/Podfile.lock",
				"${PODS_ROOT}/Manifest.lock",
			);
			name = "[CP] Check Pods Manifest.lock";
			outputFileListPaths = (
			);
			outputPaths = (
				"$(DERIVED_FILE_DIR)/Pods-DISample-checkManifestLockResult.txt",
			);
			runOnlyForDeploymentPostprocessing = 0;
			shellPath = /bin/sh;
			shellScript = "diff \"${PODS_PODFILE_DIR_PATH}/Podfile.lock\" \"${PODS_ROOT}/Manifest.lock\" > /dev/null\nif [ $? != 0 ] ; then\n    # print error to STDERR\n    echo \"error: The sandbox is not in sync with the Podfile.lock. Run 'pod install' or update your CocoaPods installation.\" >&2\n    exit 1\nfi\n# This output is used by Xcode 'outputs' to avoid re-running this script phase.\necho \"SUCCESS\" > \"${SCRIPT_OUTPUT_FILE_0}\"\n";
			showEnvVarsInLog = 0;
		};
		6A1395CD48E36EE0006E0928 /* [CP] Check Pods Manifest.lock */ = {
			isa = PBXShellScriptBuildPhase;
			buildActionMask = 2147483647;
			files = (
			);
			inputFileListPaths = (
			);
			inputPaths = (
				"${PODS_PODFILE_DIR_PATH}/Podfile.lock",
				"${PODS_ROOT}/Manifest.lock",
			);
			name = "[CP] Check Pods Manifest.lock";
			outputFileListPaths = (
			);
			outputPaths = (
				"$(DERIVED_FILE_DIR)/Pods-DISample-DISampleUITests-checkManifestLockResult.txt",
			);
			runOnlyForDeploymentPostprocessing = 0;
			shellPath = /bin/sh;
			shellScript = "diff \"${PODS_PODFILE_DIR_PATH}/Podfile.lock\" \"${PODS_ROOT}/Manifest.lock\" > /dev/null\nif [ $? != 0 ] ; then\n    # print error to STDERR\n    echo \"error: The sandbox is not in sync with the Podfile.lock. Run 'pod install' or update your CocoaPods installation.\" >&2\n    exit 1\nfi\n# This output is used by Xcode 'outputs' to avoid re-running this script phase.\necho \"SUCCESS\" > \"${SCRIPT_OUTPUT_FILE_0}\"\n";
			showEnvVarsInLog = 0;
		};
/* End PBXShellScriptBuildPhase section */

/* Begin PBXSourcesBuildPhase section */
		18AF64B82663D82F00CB2F3B /* Sources */ = {
			isa = PBXSourcesBuildPhase;
			buildActionMask = 2147483647;
			files = (
				18AF64C02663D82F00CB2F3B /* AppDelegate.swift in Sources */,
				18FA84EA266699AD0047AA6E /* HomeVC.swift in Sources */,
				18AF64F12663DC4F00CB2F3B /* DIManagement.swift in Sources */,
				18AF64C22663D82F00CB2F3B /* SceneDelegate.swift in Sources */,
				18AF65132663F83A00CB2F3B /* Navigator.swift in Sources */,
			);
			runOnlyForDeploymentPostprocessing = 0;
		};
		18AF64CE2663D83000CB2F3B /* Sources */ = {
			isa = PBXSourcesBuildPhase;
			buildActionMask = 2147483647;
			files = (
				18AF64D72663D83000CB2F3B /* DISampleTests.swift in Sources */,
			);
			runOnlyForDeploymentPostprocessing = 0;
		};
		18AF64D92663D83100CB2F3B /* Sources */ = {
			isa = PBXSourcesBuildPhase;
			buildActionMask = 2147483647;
			files = (
				18AF64E22663D83100CB2F3B /* DISampleUITests.swift in Sources */,
			);
			runOnlyForDeploymentPostprocessing = 0;
		};
/* End PBXSourcesBuildPhase section */

/* Begin PBXTargetDependency section */
		18AF64D42663D83000CB2F3B /* PBXTargetDependency */ = {
			isa = PBXTargetDependency;
			target = 18AF64BB2663D82F00CB2F3B /* DISample */;
			targetProxy = 18AF64D32663D83000CB2F3B /* PBXContainerItemProxy */;
		};
		18AF64DF2663D83100CB2F3B /* PBXTargetDependency */ = {
			isa = PBXTargetDependency;
			target = 18AF64BB2663D82F00CB2F3B /* DISample */;
			targetProxy = 18AF64DE2663D83100CB2F3B /* PBXContainerItemProxy */;
		};
/* End PBXTargetDependency section */

/* Begin PBXVariantGroup section */
		18AF64C52663D82F00CB2F3B /* Main.storyboard */ = {
			isa = PBXVariantGroup;
			children = (
				18AF64C62663D82F00CB2F3B /* Base */,
			);
			name = Main.storyboard;
			sourceTree = "<group>";
		};
		18AF64CA2663D83000CB2F3B /* LaunchScreen.storyboard */ = {
			isa = PBXVariantGroup;
			children = (
				18AF64CB2663D83000CB2F3B /* Base */,
			);
			name = LaunchScreen.storyboard;
			sourceTree = "<group>";
		};
/* End PBXVariantGroup section */

/* Begin XCBuildConfiguration section */
		18AF64E42663D83100CB2F3B /* Debug */ = {
			isa = XCBuildConfiguration;
			buildSettings = {
				ALWAYS_SEARCH_USER_PATHS = NO;
				CLANG_ANALYZER_NONNULL = YES;
				CLANG_ANALYZER_NUMBER_OBJECT_CONVERSION = YES_AGGRESSIVE;
				CLANG_CXX_LANGUAGE_STANDARD = "gnu++14";
				CLANG_CXX_LIBRARY = "libc++";
				CLANG_ENABLE_MODULES = YES;
				CLANG_ENABLE_OBJC_ARC = YES;
				CLANG_ENABLE_OBJC_WEAK = YES;
				CLANG_WARN_BLOCK_CAPTURE_AUTORELEASING = YES;
				CLANG_WARN_BOOL_CONVERSION = YES;
				CLANG_WARN_COMMA = YES;
				CLANG_WARN_CONSTANT_CONVERSION = YES;
				CLANG_WARN_DEPRECATED_OBJC_IMPLEMENTATIONS = YES;
				CLANG_WARN_DIRECT_OBJC_ISA_USAGE = YES_ERROR;
				CLANG_WARN_DOCUMENTATION_COMMENTS = YES;
				CLANG_WARN_EMPTY_BODY = YES;
				CLANG_WARN_ENUM_CONVERSION = YES;
				CLANG_WARN_INFINITE_RECURSION = YES;
				CLANG_WARN_INT_CONVERSION = YES;
				CLANG_WARN_NON_LITERAL_NULL_CONVERSION = YES;
				CLANG_WARN_OBJC_IMPLICIT_RETAIN_SELF = YES;
				CLANG_WARN_OBJC_LITERAL_CONVERSION = YES;
				CLANG_WARN_OBJC_ROOT_CLASS = YES_ERROR;
				CLANG_WARN_QUOTED_INCLUDE_IN_FRAMEWORK_HEADER = YES;
				CLANG_WARN_RANGE_LOOP_ANALYSIS = YES;
				CLANG_WARN_STRICT_PROTOTYPES = YES;
				CLANG_WARN_SUSPICIOUS_MOVE = YES;
				CLANG_WARN_UNGUARDED_AVAILABILITY = YES_AGGRESSIVE;
				CLANG_WARN_UNREACHABLE_CODE = YES;
				CLANG_WARN__DUPLICATE_METHOD_MATCH = YES;
				COPY_PHASE_STRIP = NO;
				DEBUG_INFORMATION_FORMAT = dwarf;
				ENABLE_STRICT_OBJC_MSGSEND = YES;
				ENABLE_TESTABILITY = YES;
				GCC_C_LANGUAGE_STANDARD = gnu11;
				GCC_DYNAMIC_NO_PIC = NO;
				GCC_NO_COMMON_BLOCKS = YES;
				GCC_OPTIMIZATION_LEVEL = 0;
				GCC_PREPROCESSOR_DEFINITIONS = (
					"DEBUG=1",
					"$(inherited)",
				);
				GCC_WARN_64_TO_32_BIT_CONVERSION = YES;
				GCC_WARN_ABOUT_RETURN_TYPE = YES_ERROR;
				GCC_WARN_UNDECLARED_SELECTOR = YES;
				GCC_WARN_UNINITIALIZED_AUTOS = YES_AGGRESSIVE;
				GCC_WARN_UNUSED_FUNCTION = YES;
				GCC_WARN_UNUSED_VARIABLE = YES;
				IPHONEOS_DEPLOYMENT_TARGET = 14.5;
				MTL_ENABLE_DEBUG_INFO = INCLUDE_SOURCE;
				MTL_FAST_MATH = YES;
				ONLY_ACTIVE_ARCH = YES;
				SDKROOT = iphoneos;
				SWIFT_ACTIVE_COMPILATION_CONDITIONS = DEBUG;
				SWIFT_OPTIMIZATION_LEVEL = "-Onone";
			};
			name = Debug;
		};
		18AF64E52663D83100CB2F3B /* Release */ = {
			isa = XCBuildConfiguration;
			buildSettings = {
				ALWAYS_SEARCH_USER_PATHS = NO;
				CLANG_ANALYZER_NONNULL = YES;
				CLANG_ANALYZER_NUMBER_OBJECT_CONVERSION = YES_AGGRESSIVE;
				CLANG_CXX_LANGUAGE_STANDARD = "gnu++14";
				CLANG_CXX_LIBRARY = "libc++";
				CLANG_ENABLE_MODULES = YES;
				CLANG_ENABLE_OBJC_ARC = YES;
				CLANG_ENABLE_OBJC_WEAK = YES;
				CLANG_WARN_BLOCK_CAPTURE_AUTORELEASING = YES;
				CLANG_WARN_BOOL_CONVERSION = YES;
				CLANG_WARN_COMMA = YES;
				CLANG_WARN_CONSTANT_CONVERSION = YES;
				CLANG_WARN_DEPRECATED_OBJC_IMPLEMENTATIONS = YES;
				CLANG_WARN_DIRECT_OBJC_ISA_USAGE = YES_ERROR;
				CLANG_WARN_DOCUMENTATION_COMMENTS = YES;
				CLANG_WARN_EMPTY_BODY = YES;
				CLANG_WARN_ENUM_CONVERSION = YES;
				CLANG_WARN_INFINITE_RECURSION = YES;
				CLANG_WARN_INT_CONVERSION = YES;
				CLANG_WARN_NON_LITERAL_NULL_CONVERSION = YES;
				CLANG_WARN_OBJC_IMPLICIT_RETAIN_SELF = YES;
				CLANG_WARN_OBJC_LITERAL_CONVERSION = YES;
				CLANG_WARN_OBJC_ROOT_CLASS = YES_ERROR;
				CLANG_WARN_QUOTED_INCLUDE_IN_FRAMEWORK_HEADER = YES;
				CLANG_WARN_RANGE_LOOP_ANALYSIS = YES;
				CLANG_WARN_STRICT_PROTOTYPES = YES;
				CLANG_WARN_SUSPICIOUS_MOVE = YES;
				CLANG_WARN_UNGUARDED_AVAILABILITY = YES_AGGRESSIVE;
				CLANG_WARN_UNREACHABLE_CODE = YES;
				CLANG_WARN__DUPLICATE_METHOD_MATCH = YES;
				COPY_PHASE_STRIP = NO;
				DEBUG_INFORMATION_FORMAT = "dwarf-with-dsym";
				ENABLE_NS_ASSERTIONS = NO;
				ENABLE_STRICT_OBJC_MSGSEND = YES;
				GCC_C_LANGUAGE_STANDARD = gnu11;
				GCC_NO_COMMON_BLOCKS = YES;
				GCC_WARN_64_TO_32_BIT_CONVERSION = YES;
				GCC_WARN_ABOUT_RETURN_TYPE = YES_ERROR;
				GCC_WARN_UNDECLARED_SELECTOR = YES;
				GCC_WARN_UNINITIALIZED_AUTOS = YES_AGGRESSIVE;
				GCC_WARN_UNUSED_FUNCTION = YES;
				GCC_WARN_UNUSED_VARIABLE = YES;
				IPHONEOS_DEPLOYMENT_TARGET = 14.5;
				MTL_ENABLE_DEBUG_INFO = NO;
				MTL_FAST_MATH = YES;
				SDKROOT = iphoneos;
				SWIFT_COMPILATION_MODE = wholemodule;
				SWIFT_OPTIMIZATION_LEVEL = "-O";
				VALIDATE_PRODUCT = YES;
			};
			name = Release;
		};
		18AF64E72663D83100CB2F3B /* Debug */ = {
			isa = XCBuildConfiguration;
			baseConfigurationReference = B04685F666B2B82301CF51E8 /* Pods-DISample.debug.xcconfig */;
			buildSettings = {
				ASSETCATALOG_COMPILER_APPICON_NAME = AppIcon;
				ASSETCATALOG_COMPILER_GLOBAL_ACCENT_COLOR_NAME = AccentColor;
				CODE_SIGN_STYLE = Automatic;
				INFOPLIST_FILE = DISample/Info.plist;
				IPHONEOS_DEPLOYMENT_TARGET = 13.0;
				LD_RUNPATH_SEARCH_PATHS = (
					"$(inherited)",
					"@executable_path/Frameworks",
				);
				PRODUCT_BUNDLE_IDENTIFIER = com.rbnguyen.DISample;
				PRODUCT_NAME = "$(TARGET_NAME)";
				SWIFT_VERSION = 5.0;
				TARGETED_DEVICE_FAMILY = 1;
			};
			name = Debug;
		};
		18AF64E82663D83100CB2F3B /* Release */ = {
			isa = XCBuildConfiguration;
			baseConfigurationReference = E691E32E63E3EFDD10883B19 /* Pods-DISample.release.xcconfig */;
			buildSettings = {
				ASSETCATALOG_COMPILER_APPICON_NAME = AppIcon;
				ASSETCATALOG_COMPILER_GLOBAL_ACCENT_COLOR_NAME = AccentColor;
				CODE_SIGN_STYLE = Automatic;
				INFOPLIST_FILE = DISample/Info.plist;
				IPHONEOS_DEPLOYMENT_TARGET = 13.0;
				LD_RUNPATH_SEARCH_PATHS = (
					"$(inherited)",
					"@executable_path/Frameworks",
				);
				PRODUCT_BUNDLE_IDENTIFIER = com.rbnguyen.DISample;
				PRODUCT_NAME = "$(TARGET_NAME)";
				SWIFT_VERSION = 5.0;
				TARGETED_DEVICE_FAMILY = 1;
			};
			name = Release;
		};
		18AF64EA2663D83100CB2F3B /* Debug */ = {
			isa = XCBuildConfiguration;
			baseConfigurationReference = 6F720E559A64648C4B707F24 /* Pods-DISampleTests.debug.xcconfig */;
			buildSettings = {
				ALWAYS_EMBED_SWIFT_STANDARD_LIBRARIES = YES;
				BUNDLE_LOADER = "$(TEST_HOST)";
				CODE_SIGN_STYLE = Automatic;
				INFOPLIST_FILE = DISampleTests/Info.plist;
				IPHONEOS_DEPLOYMENT_TARGET = 14.5;
				LD_RUNPATH_SEARCH_PATHS = (
					"$(inherited)",
					"@executable_path/Frameworks",
					"@loader_path/Frameworks",
				);
				PRODUCT_BUNDLE_IDENTIFIER = com.rbnguyen.DISampleTests;
				PRODUCT_NAME = "$(TARGET_NAME)";
				SWIFT_VERSION = 5.0;
				TARGETED_DEVICE_FAMILY = "1,2";
				TEST_HOST = "$(BUILT_PRODUCTS_DIR)/DISample.app/DISample";
			};
			name = Debug;
		};
		18AF64EB2663D83100CB2F3B /* Release */ = {
			isa = XCBuildConfiguration;
			baseConfigurationReference = 2C0777DF73C2D35DC2F76455 /* Pods-DISampleTests.release.xcconfig */;
			buildSettings = {
				ALWAYS_EMBED_SWIFT_STANDARD_LIBRARIES = YES;
				BUNDLE_LOADER = "$(TEST_HOST)";
				CODE_SIGN_STYLE = Automatic;
				INFOPLIST_FILE = DISampleTests/Info.plist;
				IPHONEOS_DEPLOYMENT_TARGET = 14.5;
				LD_RUNPATH_SEARCH_PATHS = (
					"$(inherited)",
					"@executable_path/Frameworks",
					"@loader_path/Frameworks",
				);
				PRODUCT_BUNDLE_IDENTIFIER = com.rbnguyen.DISampleTests;
				PRODUCT_NAME = "$(TARGET_NAME)";
				SWIFT_VERSION = 5.0;
				TARGETED_DEVICE_FAMILY = "1,2";
				TEST_HOST = "$(BUILT_PRODUCTS_DIR)/DISample.app/DISample";
			};
			name = Release;
		};
		18AF64ED2663D83100CB2F3B /* Debug */ = {
			isa = XCBuildConfiguration;
			baseConfigurationReference = 712475A85C4C2875EBA14FA7 /* Pods-DISample-DISampleUITests.debug.xcconfig */;
			buildSettings = {
				ALWAYS_EMBED_SWIFT_STANDARD_LIBRARIES = YES;
				CODE_SIGN_STYLE = Automatic;
				INFOPLIST_FILE = DISampleUITests/Info.plist;
				LD_RUNPATH_SEARCH_PATHS = (
					"$(inherited)",
					"@executable_path/Frameworks",
					"@loader_path/Frameworks",
				);
				PRODUCT_BUNDLE_IDENTIFIER = com.rbnguyen.DISampleUITests;
				PRODUCT_NAME = "$(TARGET_NAME)";
				SWIFT_VERSION = 5.0;
				TARGETED_DEVICE_FAMILY = "1,2";
				TEST_TARGET_NAME = DISample;
			};
			name = Debug;
		};
		18AF64EE2663D83100CB2F3B /* Release */ = {
			isa = XCBuildConfiguration;
			baseConfigurationReference = 1C3FC9BCACC23A259979480C /* Pods-DISample-DISampleUITests.release.xcconfig */;
			buildSettings = {
				ALWAYS_EMBED_SWIFT_STANDARD_LIBRARIES = YES;
				CODE_SIGN_STYLE = Automatic;
				INFOPLIST_FILE = DISampleUITests/Info.plist;
				LD_RUNPATH_SEARCH_PATHS = (
					"$(inherited)",
					"@executable_path/Frameworks",
					"@loader_path/Frameworks",
				);
				PRODUCT_BUNDLE_IDENTIFIER = com.rbnguyen.DISampleUITests;
				PRODUCT_NAME = "$(TARGET_NAME)";
				SWIFT_VERSION = 5.0;
				TARGETED_DEVICE_FAMILY = "1,2";
				TEST_TARGET_NAME = DISample;
			};
			name = Release;
		};
/* End XCBuildConfiguration section */

/* Begin XCConfigurationList section */
		18AF64B72663D82F00CB2F3B /* Build configuration list for PBXProject "DISample" */ = {
			isa = XCConfigurationList;
			buildConfigurations = (
				18AF64E42663D83100CB2F3B /* Debug */,
				18AF64E52663D83100CB2F3B /* Release */,
			);
			defaultConfigurationIsVisible = 0;
			defaultConfigurationName = Release;
		};
		18AF64E62663D83100CB2F3B /* Build configuration list for PBXNativeTarget "DISample" */ = {
			isa = XCConfigurationList;
			buildConfigurations = (
				18AF64E72663D83100CB2F3B /* Debug */,
				18AF64E82663D83100CB2F3B /* Release */,
			);
			defaultConfigurationIsVisible = 0;
			defaultConfigurationName = Release;
		};
		18AF64E92663D83100CB2F3B /* Build configuration list for PBXNativeTarget "DISampleTests" */ = {
			isa = XCConfigurationList;
			buildConfigurations = (
				18AF64EA2663D83100CB2F3B /* Debug */,
				18AF64EB2663D83100CB2F3B /* Release */,
			);
			defaultConfigurationIsVisible = 0;
			defaultConfigurationName = Release;
		};
		18AF64EC2663D83100CB2F3B /* Build configuration list for PBXNativeTarget "DISampleUITests" */ = {
			isa = XCConfigurationList;
			buildConfigurations = (
				18AF64ED2663D83100CB2F3B /* Debug */,
				18AF64EE2663D83100CB2F3B /* Release */,
			);
			defaultConfigurationIsVisible = 0;
			defaultConfigurationName = Release;
		};
/* End XCConfigurationList section */
	};
	rootObject = 18AF64B42663D82F00CB2F3B /* Project object */;
}
